
Microsoft Visual Studio Solution File, Format Version 12.00
# Visual Studio Version 17
VisualStudioVersion = 17.11.35303.130
MinimumVisualStudioVersion = 10.0.40219.1
Project("{9A19103F-16F7-4668-BE54-9A1E7A4F7556}") = "AgendamentoNotificacao", "AgendamentoNotificacao\AgendamentoNotificacao.csproj", "{5674B444-3919-49AE-AE6A-50BE5B250DAD}"
EndProject
Project("{9A19103F-16F7-4668-BE54-9A1E7A4F7556}") = "Infrastructure", "Infrastructure\Infrastructure.csproj", "{3F2F686E-7CB6-4A01-915A-C456F788A021}"
EndProject
Project("{9A19103F-16F7-4668-BE54-9A1E7A4F7556}") = "Domain", "Domain\Domain.csproj", "{04860243-A359-4CCB-807F-F556339FF230}"
EndProject
Project("{9A19103F-16F7-4668-BE54-9A1E7A4F7556}") = "CrossCutting", "CrossCutting\CrossCutting.csproj", "{26D77F26-BF3E-4A14-A6C3-9C924F9DF8A2}"
EndProject
Global
	GlobalSection(SolutionConfigurationPlatforms) = preSolution
		Debug|Any CPU = Debug|Any CPU
		Release|Any CPU = Release|Any CPU
	EndGlobalSection
	GlobalSection(ProjectConfigurationPlatforms) = postSolution
		{5674B444-3919-49AE-AE6A-50BE5B250DAD}.Debug|Any CPU.ActiveCfg = Debug|Any CPU
		{5674B444-3919-49AE-AE6A-50BE5B250DAD}.Debug|Any CPU.Build.0 = Debug|Any CPU
		{5674B444-3919-49AE-AE6A-50BE5B250DAD}.Release|Any CPU.ActiveCfg = Release|Any CPU
		{5674B444-3919-49AE-AE6A-50BE5B250DAD}.Release|Any CPU.Build.0 = Release|Any CPU
		{3F2F686E-7CB6-4A01-915A-C456F788A021}.Debug|Any CPU.ActiveCfg = Release|Any CPU
		{3F2F686E-7CB6-4A01-915A-C456F788A021}.Debug|Any CPU.Build.0 = Release|Any CPU
		{3F2F686E-7CB6-4A01-915A-C456F788A021}.Release|Any CPU.ActiveCfg = Release|Any CPU
		{3F2F686E-7CB6-4A01-915A-C456F788A021}.Release|Any CPU.Build.0 = Release|Any CPU
		{04860243-A359-4CCB-807F-F556339FF230}.Debug|Any CPU.ActiveCfg = Debug|Any CPU
		{04860243-A359-4CCB-807F-F556339FF230}.Debug|Any CPU.Build.0 = Debug|Any CPU
		{04860243-A359-4CCB-807F-F556339FF230}.Release|Any CPU.ActiveCfg = Release|Any CPU
		{04860243-A359-4CCB-807F-F556339FF230}.Release|Any CPU.Build.0 = Release|Any CPU
		{26D77F26-BF3E-4A14-A6C3-9C924F9DF8A2}.Debug|Any CPU.ActiveCfg = Debug|Any CPU
		{26D77F26-BF3E-4A14-A6C3-9C924F9DF8A2}.Debug|Any CPU.Build.0 = Debug|Any CPU
		{26D77F26-BF3E-4A14-A6C3-9C924F9DF8A2}.Release|Any CPU.ActiveCfg = Release|Any CPU
		{26D77F26-BF3E-4A14-A6C3-9C924F9DF8A2}.Release|Any CPU.Build.0 = Release|Any CPU
	EndGlobalSection
	GlobalSection(SolutionProperties) = preSolution
		HideSolutionNode = FALSE
	EndGlobalSection
	GlobalSection(ExtensibilityGlobals) = postSolution
		SolutionGuid = {47E6BFAE-C378-471D-BBF1-8D29CBC72ADA}
	EndGlobalSection
EndGlobal
